Microsoft Visual Studio Solution File, Format Version 11.00
# Visual Studio 2008

Project("{6C3E64CD-82B6-C914-31A5-92B82527E312}") = "FollowDemo", "Assembly-CSharp-firstpass.csproj", "{6DD1501F-0316-8B87-6B41-A388B6FF4095}"
EndProject
Project("{6C3E64CD-82B6-C914-31A5-92B82527E312}") = "FollowDemo", "Assembly-CSharp.csproj", "{17D1EC04-F6A2-F03E-91E2-5D70BD27F5BD}"
EndProject
Project("{6C3E64CD-82B6-C914-31A5-92B82527E312}") = "FollowDemo", "Assembly-CSharp-Editor.csproj", "{C88835F7-1943-F0D0-5C48-692D1AB0B92A}"
EndProject
Project("{6C3E64CD-82B6-C914-31A5-92B82527E312}") = "FollowDemo", "Assembly-UnityScript-firstpass.unityproj", "{62350CAD-D111-A9BF-56F6-8EDF5F56E8B8}"
EndProject
Project("{6C3E64CD-82B6-C914-31A5-92B82527E312}") = "FollowDemo", "Assembly-UnityScript.unityproj", "{B48A6BA9-566A-2FAD-4F04-2C43AB601307}"
EndProject
Global
	GlobalSection(SolutionConfigurationPlatforms) = preSolution
		Debug|Any CPU = Debug|Any CPU
		Release|Any CPU = Release|Any CPU
	EndGlobalSection
	GlobalSection(ProjectConfigurationPlatforms) = postSolution
		{6DD1501F-0316-8B87-6B41-A388B6FF4095}.Debug|Any CPU.ActiveCfg = Debug|Any CPU
		{6DD1501F-0316-8B87-6B41-A388B6FF4095}.Debug|Any CPU.Build.0 = Debug|Any CPU
		{6DD1501F-0316-8B87-6B41-A388B6FF4095}.Release|Any CPU.ActiveCfg = Release|Any CPU
		{6DD1501F-0316-8B87-6B41-A388B6FF4095}.Release|Any CPU.Build.0 = Release|Any CPU
		{17D1EC04-F6A2-F03E-91E2-5D70BD27F5BD}.Debug|Any CPU.ActiveCfg = Debug|Any CPU
		{17D1EC04-F6A2-F03E-91E2-5D70BD27F5BD}.Debug|Any CPU.Build.0 = Debug|Any CPU
		{17D1EC04-F6A2-F03E-91E2-5D70BD27F5BD}.Release|Any CPU.ActiveCfg = Release|Any CPU
		{17D1EC04-F6A2-F03E-91E2-5D70BD27F5BD}.Release|Any CPU.Build.0 = Release|Any CPU
		{C88835F7-1943-F0D0-5C48-692D1AB0B92A}.Debug|Any CPU.ActiveCfg = Debug|Any CPU
		{C88835F7-1943-F0D0-5C48-692D1AB0B92A}.Debug|Any CPU.Build.0 = Debug|Any CPU
		{C88835F7-1943-F0D0-5C48-692D1AB0B92A}.Release|Any CPU.ActiveCfg = Release|Any CPU
		{C88835F7-1943-F0D0-5C48-692D1AB0B92A}.Release|Any CPU.Build.0 = Release|Any CPU
		{62350CAD-D111-A9BF-56F6-8EDF5F56E8B8}.Debug|Any CPU.ActiveCfg = Debug|Any CPU
		{62350CAD-D111-A9BF-56F6-8EDF5F56E8B8}.Debug|Any CPU.Build.0 = Debug|Any CPU
		{62350CAD-D111-A9BF-56F6-8EDF5F56E8B8}.Release|Any CPU.ActiveCfg = Release|Any CPU
		{62350CAD-D111-A9BF-56F6-8EDF5F56E8B8}.Release|Any CPU.Build.0 = Release|Any CPU
		{B48A6BA9-566A-2FAD-4F04-2C43AB601307}.Debug|Any CPU.ActiveCfg = Debug|Any CPU
		{B48A6BA9-566A-2FAD-4F04-2C43AB601307}.Debug|Any CPU.Build.0 = Debug|Any CPU
		{B48A6BA9-566A-2FAD-4F04-2C43AB601307}.Release|Any CPU.ActiveCfg = Release|Any CPU
		{B48A6BA9-566A-2FAD-4F04-2C43AB601307}.Release|Any CPU.Build.0 = Release|Any CPU
	EndGlobalSection
	GlobalSection(SolutionProperties) = preSolution
		HideSolutionNode = FALSE
	EndGlobalSection
																																																																																																		GlobalSection(MonoDevelopProperties) = preSolution
=======
																																																				GlobalSection(MonoDevelopProperties) = preSolution
>>>>>>> 0a5f5827d691376feeb801867b6ed4933e0a4c06
		StartupItem = Assembly-CSharp.csproj
		Policies = $0
		$0.TextStylePolicy = $1
		$1.inheritsSet = null
		$1.scope = text/x-csharp
		$0.CSharpFormattingPolicy = $2
		$2.inheritsSet = Mono
		$2.inheritsScope = text/x-csharp
		$2.scope = text/x-csharp
		$0.TextStylePolicy = $3
		$3.FileWidth = 120
		$3.TabWidth = 4
		$3.EolMarker = Unix
		$3.inheritsSet = Mono
		$3.inheritsScope = text/plain
		$3.scope = text/plain
	EndGlobalSection

EndGlobal
